
Microsoft Visual Studio Solution File, Format Version 12.00
# Visual Studio Version 17
VisualStudioVersion = 17.8.34511.84
MinimumVisualStudioVersion = 10.0.40219.1
Project("{FAE04EC0-301F-11D3-BF4B-00C04F79EFBC}") = "MAUIPushNotificationsClient", "MAUIPushNotificationsClient\MAUIPushNotificationsClient.csproj", "{37AC1E55-C15C-484E-BECE-ECF1568B8508}"
EndProject
Global
	GlobalSection(SolutionConfigurationPlatforms) = preSolution
		Debug|Any CPU = Debug|Any CPU
		Release|Any CPU = Release|Any CPU
	EndGlobalSection
	GlobalSection(ProjectConfigurationPlatforms) = postSolution
		{37AC1E55-C15C-484E-BECE-ECF1568B8508}.Debug|Any CPU.ActiveCfg = Debug|Any CPU
		{37AC1E55-C15C-484E-BECE-ECF1568B8508}.Debug|Any CPU.Build.0 = Debug|Any CPU
		{37AC1E55-C15C-484E-BECE-ECF1568B8508}.Debug|Any CPU.Deploy.0 = Debug|Any CPU
		{37AC1E55-C15C-484E-BECE-ECF1568B8508}.Release|Any CPU.ActiveCfg = Release|Any CPU
		{37AC1E55-C15C-484E-BECE-ECF1568B8508}.Release|Any CPU.Build.0 = Release|Any CPU
		{37AC1E55-C15C-484E-BECE-ECF1568B8508}.Release|Any CPU.Deploy.0 = Release|Any CPU
	EndGlobalSection
	GlobalSection(SolutionProperties) = preSolution
		HideSolutionNode = FALSE
	EndGlobalSection
	GlobalSection(ExtensibilityGlobals) = postSolution
		SolutionGuid = {AEB9B598-996B-4EC9-8928-2A2B72060662}
	EndGlobalSection
EndGlobal
